
Microsoft Visual Studio Solution File, Format Version 12.00
# Visual Studio Version 16
VisualStudioVersion = 16.0.32126.315
MinimumVisualStudioVersion = 10.0.40219.1
Project("{FAE04EC0-301F-11D3-BF4B-00C04F79EFBC}") = "ControleDeEstoque", "ControleDeEstoque\ControleDeEstoque.csproj", "{1715562B-5688-4D01-B7DD-DEF48E269DF2}"
EndProject
Global
	GlobalSection(SolutionConfigurationPlatforms) = preSolution
		Debug|Any CPU = Debug|Any CPU
		Release|Any CPU = Release|Any CPU
	EndGlobalSection
	GlobalSection(ProjectConfigurationPlatforms) = postSolution
		{1715562B-5688-4D01-B7DD-DEF48E269DF2}.Debug|Any CPU.ActiveCfg = Debug|Any CPU
		{1715562B-5688-4D01-B7DD-DEF48E269DF2}.Debug|Any CPU.Build.0 = Debug|Any CPU
		{1715562B-5688-4D01-B7DD-DEF48E269DF2}.Release|Any CPU.ActiveCfg = Release|Any CPU
		{1715562B-5688-4D01-B7DD-DEF48E269DF2}.Release|Any CPU.Build.0 = Release|Any CPU
	EndGlobalSection
	GlobalSection(SolutionProperties) = preSolution
		HideSolutionNode = FALSE
	EndGlobalSection
	GlobalSection(ExtensibilityGlobals) = postSolution
		SolutionGuid = {66B29D8A-DC6F-4AA9-9B83-72558728705C}
	EndGlobalSection
EndGlobal
